
Microsoft Visual Studio Solution File, Format Version 12.00
# Visual Studio Version 17
VisualStudioVersion = 17.9.34607.119
MinimumVisualStudioVersion = 10.0.40219.1
Project("{FAE04EC0-301F-11D3-BF4B-00C04F79EFBC}") = "TheStreets", "TheStreets\TheStreets.csproj", "{FD031ACD-F735-499E-898C-7722AD9C02E9}"
EndProject
Global
	GlobalSection(SolutionConfigurationPlatforms) = preSolution
		Debug|Any CPU = Debug|Any CPU
		Release|Any CPU = Release|Any CPU
	EndGlobalSection
	GlobalSection(ProjectConfigurationPlatforms) = postSolution
		{FD031ACD-F735-499E-898C-7722AD9C02E9}.Debug|Any CPU.ActiveCfg = Debug|Any CPU
		{FD031ACD-F735-499E-898C-7722AD9C02E9}.Debug|Any CPU.Build.0 = Debug|Any CPU
		{FD031ACD-F735-499E-898C-7722AD9C02E9}.Release|Any CPU.ActiveCfg = Release|Any CPU
		{FD031ACD-F735-499E-898C-7722AD9C02E9}.Release|Any CPU.Build.0 = Release|Any CPU
	EndGlobalSection
	GlobalSection(SolutionProperties) = preSolution
		HideSolutionNode = FALSE
	EndGlobalSection
	GlobalSection(ExtensibilityGlobals) = postSolution
		SolutionGuid = {170AC98A-30CF-48FD-8BB7-E97875A261F9}
	EndGlobalSection
EndGlobal
